
Microsoft Visual Studio Solution File, Format Version 12.00
# Visual Studio 14
VisualStudioVersion = 14.0.25123.0
MinimumVisualStudioVersion = 10.0.40219.1
Project("{FAE04EC0-301F-11D3-BF4B-00C04F79EFBC}") = "fix3_vlc", "fix3_vlc\fix3_vlc.csproj", "{43CAE383-BD72-4A92-A4A0-D400C8045F48}"
EndProject
Global
	GlobalSection(SolutionConfigurationPlatforms) = preSolution
		Debug|Any CPU = Debug|Any CPU
		Release|Any CPU = Release|Any CPU
	EndGlobalSection
	GlobalSection(ProjectConfigurationPlatforms) = postSolution
		{43CAE383-BD72-4A92-A4A0-D400C8045F48}.Debug|Any CPU.ActiveCfg = Debug|Any CPU
		{43CAE383-BD72-4A92-A4A0-D400C8045F48}.Debug|Any CPU.Build.0 = Debug|Any CPU
		{43CAE383-BD72-4A92-A4A0-D400C8045F48}.Release|Any CPU.ActiveCfg = Release|Any CPU
		{43CAE383-BD72-4A92-A4A0-D400C8045F48}.Release|Any CPU.Build.0 = Release|Any CPU
	EndGlobalSection
	GlobalSection(SolutionProperties) = preSolution
		HideSolutionNode = FALSE
	EndGlobalSection
EndGlobal
